
Microsoft Visual Studio Solution File, Format Version 12.00
# Visual Studio Version 17
VisualStudioVersion = 17.8.34330.188
MinimumVisualStudioVersion = 10.0.40219.1
Project("{9A19103F-16F7-4668-BE54-9A1E7A4F7556}") = "DigitalAssistant.Server", "Core\DigitalAssistant.Server\DigitalAssistant.Server.csproj", "{FF203469-032E-4173-AC47-AE54F2AFE71A}"
	ProjectSection(ProjectDependencies) = postProject
		{C9ECC548-1624-48F4-B994-A51ED9618B02} = {C9ECC548-1624-48F4-B994-A51ED9618B02}
		{D1B2DA89-D07A-4BE6-A0BF-91A834168A2B} = {D1B2DA89-D07A-4BE6-A0BF-91A834168A2B}
	EndProjectSection
EndProject
Project("{9A19103F-16F7-4668-BE54-9A1E7A4F7556}") = "BlazorBase", "..\BlazorBase\BlazorBase\BlazorBase.csproj", "{B39A5423-6439-436C-92B3-C1BB67591E52}"
EndProject
Project("{9A19103F-16F7-4668-BE54-9A1E7A4F7556}") = "BlazorBase.CRUD", "..\BlazorBase\BlazorBase.CRUD\BlazorBase.CRUD.csproj", "{CE7C8817-C32C-4EE5-8C55-A0C6EC424AC9}"
EndProject
Project("{9A19103F-16F7-4668-BE54-9A1E7A4F7556}") = "BlazorBase.Files", "..\BlazorBase\BlazorBase.Files\BlazorBase.Files.csproj", "{8B844478-4A5C-45A0-B978-A1C375A5628F}"
EndProject
Project("{9A19103F-16F7-4668-BE54-9A1E7A4F7556}") = "BlazorBase.MessageHandling", "..\BlazorBase\BlazorBase.MessageHandling\BlazorBase.MessageHandling.csproj", "{D60D65C2-080A-49C0-82D7-3DD00B9035AC}"
EndProject
Project("{9A19103F-16F7-4668-BE54-9A1E7A4F7556}") = "BlazorBase.DataUpgrade", "..\BlazorBase\BlazorBase.DataUpgrade\BlazorBase.DataUpgrade.csproj", "{DA3298A4-22AB-4B98-B406-21FF2A52DA74}"
EndProject
Project("{9A19103F-16F7-4668-BE54-9A1E7A4F7556}") = "BlazorBase.Themes", "..\BlazorBase\BlazorBase.Themes\BlazorBase.Themes.csproj", "{8BFE0BEC-145A-4465-B0C1-98D43BF873C9}"
EndProject
Project("{9A19103F-16F7-4668-BE54-9A1E7A4F7556}") = "BlazorBase.Server", "..\BlazorBase\BlazorBase.Server\BlazorBase.Server.csproj", "{767508AD-C9BB-446D-AA30-EFD1A05E0755}"
EndProject
Project("{9A19103F-16F7-4668-BE54-9A1E7A4F7556}") = "BlazorBase.RecurringBackgroundJobQueue", "..\BlazorBase\BlazorBase.RecurringJobQueue\BlazorBase.RecurringBackgroundJobQueue.csproj", "{BA6EED1F-F1C6-4F75-87AB-51AB5E20CD51}"
EndProject
Project("{9A19103F-16F7-4668-BE54-9A1E7A4F7556}") = "BlazorBase.User", "..\BlazorBase\BlazorBase.User\BlazorBase.User.csproj", "{2EE35C9D-316E-4349-BEF5-6D64C6CF76AC}"
EndProject
Project("{9A19103F-16F7-4668-BE54-9A1E7A4F7556}") = "BlazorBase.Backup", "..\BlazorBase\BlazorBase.Backup\BlazorBase.Backup.csproj", "{AE4FCB21-9911-4CDA-AA6C-8D242F1379A1}"
EndProject
Project("{9A19103F-16F7-4668-BE54-9A1E7A4F7556}") = "BlazorBase.AudioRecorder", "..\BlazorBase\BlazorBase.AudioRecorder\BlazorBase.AudioRecorder.csproj", "{381DCFE6-18E6-4657-92A4-82AACAAAA588}"
EndProject
Project("{2150E333-8FDC-42A3-9474-1A3956D46DE8}") = "BlazorBase", "BlazorBase", "{BAFE8A5F-BB3B-4174-959C-542623A1F146}"
EndProject
Project("{2150E333-8FDC-42A3-9474-1A3956D46DE8}") = "Libs", "Libs", "{49B8EDA0-69AB-4C29-80B6-02B06C8FD3FB}"
EndProject
Project("{9A19103F-16F7-4668-BE54-9A1E7A4F7556}") = "DigitalAssistant.Client", "Core\DigitalAssistant.Client\DigitalAssistant.Client.csproj", "{120CDFC2-4E10-492C-95D4-2D895C73AB32}"
EndProject
Project("{9A19103F-16F7-4668-BE54-9A1E7A4F7556}") = "DigitalAssistant.Base", "Core\DigitalAssistant.Base\DigitalAssistant.Base.csproj", "{F61A23AE-018A-4452-9EDF-6B08401E53AB}"
EndProject
Project("{9A19103F-16F7-4668-BE54-9A1E7A4F7556}") = "SpectrogramVisualiser", "Libs\SpectrogramVisualiser\SpectrogramVisualiser.csproj", "{627F12DD-C9D9-420E-9BF6-4F7F8A41F49C}"
EndProject
Project("{2150E333-8FDC-42A3-9474-1A3956D46DE8}") = "Connectors", "Connectors", "{94E13A96-F3B2-4DEF-BA46-C91C81D4F541}"
EndProject
Project("{9A19103F-16F7-4668-BE54-9A1E7A4F7556}") = "DigitalAssistant.HueConnector", "Connectors\DigitalAssistant.HueConnector\DigitalAssistant.HueConnector.csproj", "{C9ECC548-1624-48F4-B994-A51ED9618B02}"
EndProject
Project("{9A19103F-16F7-4668-BE54-9A1E7A4F7556}") = "DigitalAssistant.Abstractions", "Core\DigitalAssistant.Abstractions\DigitalAssistant.Abstractions.csproj", "{54FA147E-8FB0-4F66-93E1-A33FE948C88B}"
EndProject
Project("{9A19103F-16F7-4668-BE54-9A1E7A4F7556}") = "BlazorBase.Abstractions", "..\BlazorBase\BlazorBase.Abstractions\BlazorBase.Abstractions.csproj", "{C37AADCF-339E-4139-93EF-A9D868E8BA8E}"
EndProject
Project("{2150E333-8FDC-42A3-9474-1A3956D46DE8}") = "Commands", "Commands", "{7591EEB7-262E-4198-8ABD-D38CC32D0AEB}"
EndProject
Project("{2150E333-8FDC-42A3-9474-1A3956D46DE8}") = "Core", "Core", "{64DD29AE-EDA5-4C8F-B121-9EC68AE938EF}"
EndProject
Project("{9A19103F-16F7-4668-BE54-9A1E7A4F7556}") = "DigitalAssistant.CoreCommands", "Commands\DigitalAssistant.CoreCommands\DigitalAssistant.CoreCommands.csproj", "{8091A086-69A5-4864-8191-67BA4B088747}"
EndProject
Project("{9A19103F-16F7-4668-BE54-9A1E7A4F7556}") = "DigitalAssistant.DeviceCommands", "Commands\DigitalAssistant.DeviceCommands\DigitalAssistant.DeviceCommands.csproj", "{D1B2DA89-D07A-4BE6-A0BF-91A834168A2B}"
EndProject
Project("{9A19103F-16F7-4668-BE54-9A1E7A4F7556}") = "DigitalAssistant.MusicCommands", "Commands\DigitalAssistant.MusicCommands\DigitalAssistant.MusicCommands.csproj", "{3D56063B-F53B-49B3-A492-D7DB11B3B8D6}"
EndProject
Project("{9A19103F-16F7-4668-BE54-9A1E7A4F7556}") = "DigitalAssistant.WeatherCommands", "Commands\DigitalAssistant.WeatherCommands\DigitalAssistant.WeatherCommands.csproj", "{FF39704A-6033-41D7-9144-30FD7BCAF22E}"
EndProject
Project("{9A19103F-16F7-4668-BE54-9A1E7A4F7556}") = "DigitalAssistant.ListCommands", "Commands\DigitalAssistant.ListCommands\DigitalAssistant.ListCommands.csproj", "{636869FF-C470-4391-A511-3B5CB641E00E}"
EndProject
Project("{9A19103F-16F7-4668-BE54-9A1E7A4F7556}") = "DigitalAssistant.ResearchCommands", "Commands\DigitalAssistant.ResearchCommands\DigitalAssistant.ResearchCommands.csproj", "{6C4B784D-1E96-4123-83BF-A4165698D360}"
EndProject
Project("{9A19103F-16F7-4668-BE54-9A1E7A4F7556}") = "DigitalAssistant.ClientCommands", "Commands\DigitalAssistant.ClientCommands\DigitalAssistant.ClientCommands.csproj", "{8ED42627-FDE1-4948-9D70-FF076D97A9D7}"
EndProject
Project("{2150E333-8FDC-42A3-9474-1A3956D46DE8}") = "Tests", "Tests", "{45BD2BC4-30DC-4C41-81DE-B101D760FB65}"
EndProject
Project("{9A19103F-16F7-4668-BE54-9A1E7A4F7556}") = "DigitalAssistant.Server.Tests", "Tests\DigitalAssistant.Server.Tests\DigitalAssistant.Server.Tests.csproj", "{063448A9-8831-4D48-B7B1-877137312AB3}"
EndProject
Project("{9A19103F-16F7-4668-BE54-9A1E7A4F7556}") = "ESpeakWrapper", "Libs\ESpeakWrapper\ESpeakWrapper.csproj", "{854C4FCF-48C6-44A8-8312-F51B8A56FAC9}"
EndProject
Project("{9A19103F-16F7-4668-BE54-9A1E7A4F7556}") = "BlazorBase.RichTextEditor", "..\BlazorBase\BlazorBase.RichTextEditor\BlazorBase.RichTextEditor.csproj", "{7191B917-2EF9-4524-90F1-AA501ACAB43A}"
EndProject
Project("{FAE04EC0-301F-11D3-BF4B-00C04F79EFBC}") = "WavBinaryConverter", "Libs\WavBinaryConverter\WavBinaryConverter.csproj", "{E8F5E168-3AC4-45E4-A2BD-900882A1F00D}"
EndProject
Global
	GlobalSection(SolutionConfigurationPlatforms) = preSolution
		CreateMSSQLMigrations|Any CPU = CreateMSSQLMigrations|Any CPU
		CreateSQLiteMigrations|Any CPU = CreateSQLiteMigrations|Any CPU
		Debug_WithGpuSupport|Any CPU = Debug_WithGpuSupport|Any CPU
		Debug|Any CPU = Debug|Any CPU
		Release_WithGpuSupport|Any CPU = Release_WithGpuSupport|Any CPU
		Release|Any CPU = Release|Any CPU
	EndGlobalSection
	GlobalSection(ProjectConfigurationPlatforms) = postSolution
		{FF203469-032E-4173-AC47-AE54F2AFE71A}.CreateMSSQLMigrations|Any CPU.ActiveCfg = CreateMSSQLMigrations|Any CPU
		{FF203469-032E-4173-AC47-AE54F2AFE71A}.CreateMSSQLMigrations|Any CPU.Build.0 = CreateMSSQLMigrations|Any CPU
		{FF203469-032E-4173-AC47-AE54F2AFE71A}.CreateSQLiteMigrations|Any CPU.ActiveCfg = CreateSQLiteMigrations|Any CPU
		{FF203469-032E-4173-AC47-AE54F2AFE71A}.CreateSQLiteMigrations|Any CPU.Build.0 = CreateSQLiteMigrations|Any CPU
		{FF203469-032E-4173-AC47-AE54F2AFE71A}.Debug_WithGpuSupport|Any CPU.ActiveCfg = Debug_WithGpuSupport|Any CPU
		{FF203469-032E-4173-AC47-AE54F2AFE71A}.Debug_WithGpuSupport|Any CPU.Build.0 = Debug_WithGpuSupport|Any CPU
		{FF203469-032E-4173-AC47-AE54F2AFE71A}.Debug|Any CPU.ActiveCfg = Debug|Any CPU
		{FF203469-032E-4173-AC47-AE54F2AFE71A}.Debug|Any CPU.Build.0 = Debug|Any CPU
		{FF203469-032E-4173-AC47-AE54F2AFE71A}.Release_WithGpuSupport|Any CPU.ActiveCfg = Release_WithGpuSupport|Any CPU
		{FF203469-032E-4173-AC47-AE54F2AFE71A}.Release_WithGpuSupport|Any CPU.Build.0 = Release_WithGpuSupport|Any CPU
		{FF203469-032E-4173-AC47-AE54F2AFE71A}.Release|Any CPU.ActiveCfg = Release|Any CPU
		{FF203469-032E-4173-AC47-AE54F2AFE71A}.Release|Any CPU.Build.0 = Release|Any CPU
		{B39A5423-6439-436C-92B3-C1BB67591E52}.CreateMSSQLMigrations|Any CPU.ActiveCfg = Debug|Any CPU
		{B39A5423-6439-436C-92B3-C1BB67591E52}.CreateMSSQLMigrations|Any CPU.Build.0 = Debug|Any CPU
		{B39A5423-6439-436C-92B3-C1BB67591E52}.CreateSQLiteMigrations|Any CPU.ActiveCfg = Debug|Any CPU
		{B39A5423-6439-436C-92B3-C1BB67591E52}.CreateSQLiteMigrations|Any CPU.Build.0 = Debug|Any CPU
		{B39A5423-6439-436C-92B3-C1BB67591E52}.Debug_WithGpuSupport|Any CPU.ActiveCfg = Debug|Any CPU
		{B39A5423-6439-436C-92B3-C1BB67591E52}.Debug_WithGpuSupport|Any CPU.Build.0 = Debug|Any CPU
		{B39A5423-6439-436C-92B3-C1BB67591E52}.Debug|Any CPU.ActiveCfg = Debug|Any CPU
		{B39A5423-6439-436C-92B3-C1BB67591E52}.Debug|Any CPU.Build.0 = Debug|Any CPU
		{B39A5423-6439-436C-92B3-C1BB67591E52}.Release_WithGpuSupport|Any CPU.ActiveCfg = Release|Any CPU
		{B39A5423-6439-436C-92B3-C1BB67591E52}.Release_WithGpuSupport|Any CPU.Build.0 = Release|Any CPU
		{B39A5423-6439-436C-92B3-C1BB67591E52}.Release|Any CPU.ActiveCfg = Release|Any CPU
		{B39A5423-6439-436C-92B3-C1BB67591E52}.Release|Any CPU.Build.0 = Release|Any CPU
		{CE7C8817-C32C-4EE5-8C55-A0C6EC424AC9}.CreateMSSQLMigrations|Any CPU.ActiveCfg = Debug|Any CPU
		{CE7C8817-C32C-4EE5-8C55-A0C6EC424AC9}.CreateMSSQLMigrations|Any CPU.Build.0 = Debug|Any CPU
		{CE7C8817-C32C-4EE5-8C55-A0C6EC424AC9}.CreateSQLiteMigrations|Any CPU.ActiveCfg = Debug|Any CPU
		{CE7C8817-C32C-4EE5-8C55-A0C6EC424AC9}.CreateSQLiteMigrations|Any CPU.Build.0 = Debug|Any CPU
		{CE7C8817-C32C-4EE5-8C55-A0C6EC424AC9}.Debug_WithGpuSupport|Any CPU.ActiveCfg = Debug|Any CPU
		{CE7C8817-C32C-4EE5-8C55-A0C6EC424AC9}.Debug_WithGpuSupport|Any CPU.Build.0 = Debug|Any CPU
		{CE7C8817-C32C-4EE5-8C55-A0C6EC424AC9}.Debug|Any CPU.ActiveCfg = Debug|Any CPU
		{CE7C8817-C32C-4EE5-8C55-A0C6EC424AC9}.Debug|Any CPU.Build.0 = Debug|Any CPU
		{CE7C8817-C32C-4EE5-8C55-A0C6EC424AC9}.Release_WithGpuSupport|Any CPU.ActiveCfg = Release|Any CPU
		{CE7C8817-C32C-4EE5-8C55-A0C6EC424AC9}.Release_WithGpuSupport|Any CPU.Build.0 = Release|Any CPU
		{CE7C8817-C32C-4EE5-8C55-A0C6EC424AC9}.Release|Any CPU.ActiveCfg = Release|Any CPU
		{CE7C8817-C32C-4EE5-8C55-A0C6EC424AC9}.Release|Any CPU.Build.0 = Release|Any CPU
		{8B844478-4A5C-45A0-B978-A1C375A5628F}.CreateMSSQLMigrations|Any CPU.ActiveCfg = Debug|Any CPU
		{8B844478-4A5C-45A0-B978-A1C375A5628F}.CreateMSSQLMigrations|Any CPU.Build.0 = Debug|Any CPU
		{8B844478-4A5C-45A0-B978-A1C375A5628F}.CreateSQLiteMigrations|Any CPU.ActiveCfg = Debug|Any CPU
		{8B844478-4A5C-45A0-B978-A1C375A5628F}.CreateSQLiteMigrations|Any CPU.Build.0 = Debug|Any CPU
		{8B844478-4A5C-45A0-B978-A1C375A5628F}.Debug_WithGpuSupport|Any CPU.ActiveCfg = Debug|Any CPU
		{8B844478-4A5C-45A0-B978-A1C375A5628F}.Debug_WithGpuSupport|Any CPU.Build.0 = Debug|Any CPU
		{8B844478-4A5C-45A0-B978-A1C375A5628F}.Debug|Any CPU.ActiveCfg = Debug|Any CPU
		{8B844478-4A5C-45A0-B978-A1C375A5628F}.Debug|Any CPU.Build.0 = Debug|Any CPU
		{8B844478-4A5C-45A0-B978-A1C375A5628F}.Release_WithGpuSupport|Any CPU.ActiveCfg = Release|Any CPU
		{8B844478-4A5C-45A0-B978-A1C375A5628F}.Release_WithGpuSupport|Any CPU.Build.0 = Release|Any CPU
		{8B844478-4A5C-45A0-B978-A1C375A5628F}.Release|Any CPU.ActiveCfg = Release|Any CPU
		{8B844478-4A5C-45A0-B978-A1C375A5628F}.Release|Any CPU.Build.0 = Release|Any CPU
		{D60D65C2-080A-49C0-82D7-3DD00B9035AC}.CreateMSSQLMigrations|Any CPU.ActiveCfg = Debug|Any CPU
		{D60D65C2-080A-49C0-82D7-3DD00B9035AC}.CreateMSSQLMigrations|Any CPU.Build.0 = Debug|Any CPU
		{D60D65C2-080A-49C0-82D7-3DD00B9035AC}.CreateSQLiteMigrations|Any CPU.ActiveCfg = Debug|Any CPU
		{D60D65C2-080A-49C0-82D7-3DD00B9035AC}.CreateSQLiteMigrations|Any CPU.Build.0 = Debug|Any CPU
		{D60D65C2-080A-49C0-82D7-3DD00B9035AC}.Debug_WithGpuSupport|Any CPU.ActiveCfg = Debug|Any CPU
		{D60D65C2-080A-49C0-82D7-3DD00B9035AC}.Debug_WithGpuSupport|Any CPU.Build.0 = Debug|Any CPU
		{D60D65C2-080A-49C0-82D7-3DD00B9035AC}.Debug|Any CPU.ActiveCfg = Debug|Any CPU
		{D60D65C2-080A-49C0-82D7-3DD00B9035AC}.Debug|Any CPU.Build.0 = Debug|Any CPU
		{D60D65C2-080A-49C0-82D7-3DD00B9035AC}.Release_WithGpuSupport|Any CPU.ActiveCfg = Release|Any CPU
		{D60D65C2-080A-49C0-82D7-3DD00B9035AC}.Release_WithGpuSupport|Any CPU.Build.0 = Release|Any CPU
		{D60D65C2-080A-49C0-82D7-3DD00B9035AC}.Release|Any CPU.ActiveCfg = Release|Any CPU
		{D60D65C2-080A-49C0-82D7-3DD00B9035AC}.Release|Any CPU.Build.0 = Release|Any CPU
		{DA3298A4-22AB-4B98-B406-21FF2A52DA74}.CreateMSSQLMigrations|Any CPU.ActiveCfg = Debug|Any CPU
		{DA3298A4-22AB-4B98-B406-21FF2A52DA74}.CreateMSSQLMigrations|Any CPU.Build.0 = Debug|Any CPU
		{DA3298A4-22AB-4B98-B406-21FF2A52DA74}.CreateSQLiteMigrations|Any CPU.ActiveCfg = Debug|Any CPU
		{DA3298A4-22AB-4B98-B406-21FF2A52DA74}.CreateSQLiteMigrations|Any CPU.Build.0 = Debug|Any CPU
		{DA3298A4-22AB-4B98-B406-21FF2A52DA74}.Debug_WithGpuSupport|Any CPU.ActiveCfg = Debug|Any CPU
		{DA3298A4-22AB-4B98-B406-21FF2A52DA74}.Debug_WithGpuSupport|Any CPU.Build.0 = Debug|Any CPU
		{DA3298A4-22AB-4B98-B406-21FF2A52DA74}.Debug|Any CPU.ActiveCfg = Debug|Any CPU
		{DA3298A4-22AB-4B98-B406-21FF2A52DA74}.Debug|Any CPU.Build.0 = Debug|Any CPU
		{DA3298A4-22AB-4B98-B406-21FF2A52DA74}.Release_WithGpuSupport|Any CPU.ActiveCfg = Release|Any CPU
		{DA3298A4-22AB-4B98-B406-21FF2A52DA74}.Release_WithGpuSupport|Any CPU.Build.0 = Release|Any CPU
		{DA3298A4-22AB-4B98-B406-21FF2A52DA74}.Release|Any CPU.ActiveCfg = Release|Any CPU
		{DA3298A4-22AB-4B98-B406-21FF2A52DA74}.Release|Any CPU.Build.0 = Release|Any CPU
		{8BFE0BEC-145A-4465-B0C1-98D43BF873C9}.CreateMSSQLMigrations|Any CPU.ActiveCfg = Debug|Any CPU
		{8BFE0BEC-145A-4465-B0C1-98D43BF873C9}.CreateMSSQLMigrations|Any CPU.Build.0 = Debug|Any CPU
		{8BFE0BEC-145A-4465-B0C1-98D43BF873C9}.CreateSQLiteMigrations|Any CPU.ActiveCfg = Debug|Any CPU
		{8BFE0BEC-145A-4465-B0C1-98D43BF873C9}.CreateSQLiteMigrations|Any CPU.Build.0 = Debug|Any CPU
		{8BFE0BEC-145A-4465-B0C1-98D43BF873C9}.Debug_WithGpuSupport|Any CPU.ActiveCfg = Debug|Any CPU
		{8BFE0BEC-145A-4465-B0C1-98D43BF873C9}.Debug_WithGpuSupport|Any CPU.Build.0 = Debug|Any CPU
		{8BFE0BEC-145A-4465-B0C1-98D43BF873C9}.Debug|Any CPU.ActiveCfg = Debug|Any CPU
		{8BFE0BEC-145A-4465-B0C1-98D43BF873C9}.Debug|Any CPU.Build.0 = Debug|Any CPU
		{8BFE0BEC-145A-4465-B0C1-98D43BF873C9}.Release_WithGpuSupport|Any CPU.ActiveCfg = Release|Any CPU
		{8BFE0BEC-145A-4465-B0C1-98D43BF873C9}.Release_WithGpuSupport|Any CPU.Build.0 = Release|Any CPU
		{8BFE0BEC-145A-4465-B0C1-98D43BF873C9}.Release|Any CPU.ActiveCfg = Release|Any CPU
		{8BFE0BEC-145A-4465-B0C1-98D43BF873C9}.Release|Any CPU.Build.0 = Release|Any CPU
		{767508AD-C9BB-446D-AA30-EFD1A05E0755}.CreateMSSQLMigrations|Any CPU.ActiveCfg = Debug|Any CPU
		{767508AD-C9BB-446D-AA30-EFD1A05E0755}.CreateMSSQLMigrations|Any CPU.Build.0 = Debug|Any CPU
		{767508AD-C9BB-446D-AA30-EFD1A05E0755}.CreateSQLiteMigrations|Any CPU.ActiveCfg = Debug|Any CPU
		{767508AD-C9BB-446D-AA30-EFD1A05E0755}.CreateSQLiteMigrations|Any CPU.Build.0 = Debug|Any CPU
		{767508AD-C9BB-446D-AA30-EFD1A05E0755}.Debug_WithGpuSupport|Any CPU.ActiveCfg = Debug|Any CPU
		{767508AD-C9BB-446D-AA30-EFD1A05E0755}.Debug_WithGpuSupport|Any CPU.Build.0 = Debug|Any CPU
		{767508AD-C9BB-446D-AA30-EFD1A05E0755}.Debug|Any CPU.ActiveCfg = Debug|Any CPU
		{767508AD-C9BB-446D-AA30-EFD1A05E0755}.Debug|Any CPU.Build.0 = Debug|Any CPU
		{767508AD-C9BB-446D-AA30-EFD1A05E0755}.Release_WithGpuSupport|Any CPU.ActiveCfg = Release|Any CPU
		{767508AD-C9BB-446D-AA30-EFD1A05E0755}.Release_WithGpuSupport|Any CPU.Build.0 = Release|Any CPU
		{767508AD-C9BB-446D-AA30-EFD1A05E0755}.Release|Any CPU.ActiveCfg = Release|Any CPU
		{767508AD-C9BB-446D-AA30-EFD1A05E0755}.Release|Any CPU.Build.0 = Release|Any CPU
		{BA6EED1F-F1C6-4F75-87AB-51AB5E20CD51}.CreateMSSQLMigrations|Any CPU.ActiveCfg = Debug|Any CPU
		{BA6EED1F-F1C6-4F75-87AB-51AB5E20CD51}.CreateMSSQLMigrations|Any CPU.Build.0 = Debug|Any CPU
		{BA6EED1F-F1C6-4F75-87AB-51AB5E20CD51}.CreateSQLiteMigrations|Any CPU.ActiveCfg = Debug|Any CPU
		{BA6EED1F-F1C6-4F75-87AB-51AB5E20CD51}.CreateSQLiteMigrations|Any CPU.Build.0 = Debug|Any CPU
		{BA6EED1F-F1C6-4F75-87AB-51AB5E20CD51}.Debug_WithGpuSupport|Any CPU.ActiveCfg = Debug|Any CPU
		{BA6EED1F-F1C6-4F75-87AB-51AB5E20CD51}.Debug_WithGpuSupport|Any CPU.Build.0 = Debug|Any CPU
		{BA6EED1F-F1C6-4F75-87AB-51AB5E20CD51}.Debug|Any CPU.ActiveCfg = Debug|Any CPU
		{BA6EED1F-F1C6-4F75-87AB-51AB5E20CD51}.Debug|Any CPU.Build.0 = Debug|Any CPU
		{BA6EED1F-F1C6-4F75-87AB-51AB5E20CD51}.Release_WithGpuSupport|Any CPU.ActiveCfg = Release|Any CPU
		{BA6EED1F-F1C6-4F75-87AB-51AB5E20CD51}.Release_WithGpuSupport|Any CPU.Build.0 = Release|Any CPU
		{BA6EED1F-F1C6-4F75-87AB-51AB5E20CD51}.Release|Any CPU.ActiveCfg = Release|Any CPU
		{BA6EED1F-F1C6-4F75-87AB-51AB5E20CD51}.Release|Any CPU.Build.0 = Release|Any CPU
		{2EE35C9D-316E-4349-BEF5-6D64C6CF76AC}.CreateMSSQLMigrations|Any CPU.ActiveCfg = Debug|Any CPU
		{2EE35C9D-316E-4349-BEF5-6D64C6CF76AC}.CreateMSSQLMigrations|Any CPU.Build.0 = Debug|Any CPU
		{2EE35C9D-316E-4349-BEF5-6D64C6CF76AC}.CreateSQLiteMigrations|Any CPU.ActiveCfg = Debug|Any CPU
		{2EE35C9D-316E-4349-BEF5-6D64C6CF76AC}.CreateSQLiteMigrations|Any CPU.Build.0 = Debug|Any CPU
		{2EE35C9D-316E-4349-BEF5-6D64C6CF76AC}.Debug_WithGpuSupport|Any CPU.ActiveCfg = Debug|Any CPU
		{2EE35C9D-316E-4349-BEF5-6D64C6CF76AC}.Debug_WithGpuSupport|Any CPU.Build.0 = Debug|Any CPU
		{2EE35C9D-316E-4349-BEF5-6D64C6CF76AC}.Debug|Any CPU.ActiveCfg = Debug|Any CPU
		{2EE35C9D-316E-4349-BEF5-6D64C6CF76AC}.Debug|Any CPU.Build.0 = Debug|Any CPU
		{2EE35C9D-316E-4349-BEF5-6D64C6CF76AC}.Release_WithGpuSupport|Any CPU.ActiveCfg = Release|Any CPU
		{2EE35C9D-316E-4349-BEF5-6D64C6CF76AC}.Release_WithGpuSupport|Any CPU.Build.0 = Release|Any CPU
		{2EE35C9D-316E-4349-BEF5-6D64C6CF76AC}.Release|Any CPU.ActiveCfg = Release|Any CPU
		{2EE35C9D-316E-4349-BEF5-6D64C6CF76AC}.Release|Any CPU.Build.0 = Release|Any CPU
		{AE4FCB21-9911-4CDA-AA6C-8D242F1379A1}.CreateMSSQLMigrations|Any CPU.ActiveCfg = Debug|Any CPU
		{AE4FCB21-9911-4CDA-AA6C-8D242F1379A1}.CreateMSSQLMigrations|Any CPU.Build.0 = Debug|Any CPU
		{AE4FCB21-9911-4CDA-AA6C-8D242F1379A1}.CreateSQLiteMigrations|Any CPU.ActiveCfg = Debug|Any CPU
		{AE4FCB21-9911-4CDA-AA6C-8D242F1379A1}.CreateSQLiteMigrations|Any CPU.Build.0 = Debug|Any CPU
		{AE4FCB21-9911-4CDA-AA6C-8D242F1379A1}.Debug_WithGpuSupport|Any CPU.ActiveCfg = Debug|Any CPU
		{AE4FCB21-9911-4CDA-AA6C-8D242F1379A1}.Debug_WithGpuSupport|Any CPU.Build.0 = Debug|Any CPU
		{AE4FCB21-9911-4CDA-AA6C-8D242F1379A1}.Debug|Any CPU.ActiveCfg = Debug|Any CPU
		{AE4FCB21-9911-4CDA-AA6C-8D242F1379A1}.Debug|Any CPU.Build.0 = Debug|Any CPU
		{AE4FCB21-9911-4CDA-AA6C-8D242F1379A1}.Release_WithGpuSupport|Any CPU.ActiveCfg = Release|Any CPU
		{AE4FCB21-9911-4CDA-AA6C-8D242F1379A1}.Release_WithGpuSupport|Any CPU.Build.0 = Release|Any CPU
		{AE4FCB21-9911-4CDA-AA6C-8D242F1379A1}.Release|Any CPU.ActiveCfg = Release|Any CPU
		{AE4FCB21-9911-4CDA-AA6C-8D242F1379A1}.Release|Any CPU.Build.0 = Release|Any CPU
		{381DCFE6-18E6-4657-92A4-82AACAAAA588}.CreateMSSQLMigrations|Any CPU.ActiveCfg = Debug|Any CPU
		{381DCFE6-18E6-4657-92A4-82AACAAAA588}.CreateMSSQLMigrations|Any CPU.Build.0 = Debug|Any CPU
		{381DCFE6-18E6-4657-92A4-82AACAAAA588}.CreateSQLiteMigrations|Any CPU.ActiveCfg = Debug|Any CPU
		{381DCFE6-18E6-4657-92A4-82AACAAAA588}.CreateSQLiteMigrations|Any CPU.Build.0 = Debug|Any CPU
		{381DCFE6-18E6-4657-92A4-82AACAAAA588}.Debug_WithGpuSupport|Any CPU.ActiveCfg = Debug|Any CPU
		{381DCFE6-18E6-4657-92A4-82AACAAAA588}.Debug_WithGpuSupport|Any CPU.Build.0 = Debug|Any CPU
		{381DCFE6-18E6-4657-92A4-82AACAAAA588}.Debug|Any CPU.ActiveCfg = Debug|Any CPU
		{381DCFE6-18E6-4657-92A4-82AACAAAA588}.Debug|Any CPU.Build.0 = Debug|Any CPU
		{381DCFE6-18E6-4657-92A4-82AACAAAA588}.Release_WithGpuSupport|Any CPU.ActiveCfg = Release|Any CPU
		{381DCFE6-18E6-4657-92A4-82AACAAAA588}.Release_WithGpuSupport|Any CPU.Build.0 = Release|Any CPU
		{381DCFE6-18E6-4657-92A4-82AACAAAA588}.Release|Any CPU.ActiveCfg = Release|Any CPU
		{381DCFE6-18E6-4657-92A4-82AACAAAA588}.Release|Any CPU.Build.0 = Release|Any CPU
		{120CDFC2-4E10-492C-95D4-2D895C73AB32}.CreateMSSQLMigrations|Any CPU.ActiveCfg = Debug|Any CPU
		{120CDFC2-4E10-492C-95D4-2D895C73AB32}.CreateMSSQLMigrations|Any CPU.Build.0 = Debug|Any CPU
		{120CDFC2-4E10-492C-95D4-2D895C73AB32}.CreateSQLiteMigrations|Any CPU.ActiveCfg = Debug|Any CPU
		{120CDFC2-4E10-492C-95D4-2D895C73AB32}.CreateSQLiteMigrations|Any CPU.Build.0 = Debug|Any CPU
		{120CDFC2-4E10-492C-95D4-2D895C73AB32}.Debug_WithGpuSupport|Any CPU.ActiveCfg = Debug|Any CPU
		{120CDFC2-4E10-492C-95D4-2D895C73AB32}.Debug_WithGpuSupport|Any CPU.Build.0 = Debug|Any CPU
		{120CDFC2-4E10-492C-95D4-2D895C73AB32}.Debug|Any CPU.ActiveCfg = Debug|Any CPU
		{120CDFC2-4E10-492C-95D4-2D895C73AB32}.Debug|Any CPU.Build.0 = Debug|Any CPU
		{120CDFC2-4E10-492C-95D4-2D895C73AB32}.Release_WithGpuSupport|Any CPU.ActiveCfg = Release|Any CPU
		{120CDFC2-4E10-492C-95D4-2D895C73AB32}.Release_WithGpuSupport|Any CPU.Build.0 = Release|Any CPU
		{120CDFC2-4E10-492C-95D4-2D895C73AB32}.Release|Any CPU.ActiveCfg = Release|Any CPU
		{120CDFC2-4E10-492C-95D4-2D895C73AB32}.Release|Any CPU.Build.0 = Release|Any CPU
		{F61A23AE-018A-4452-9EDF-6B08401E53AB}.CreateMSSQLMigrations|Any CPU.ActiveCfg = Debug|Any CPU
		{F61A23AE-018A-4452-9EDF-6B08401E53AB}.CreateMSSQLMigrations|Any CPU.Build.0 = Debug|Any CPU
		{F61A23AE-018A-4452-9EDF-6B08401E53AB}.CreateSQLiteMigrations|Any CPU.ActiveCfg = Debug|Any CPU
		{F61A23AE-018A-4452-9EDF-6B08401E53AB}.CreateSQLiteMigrations|Any CPU.Build.0 = Debug|Any CPU
		{F61A23AE-018A-4452-9EDF-6B08401E53AB}.Debug_WithGpuSupport|Any CPU.ActiveCfg = Debug|Any CPU
		{F61A23AE-018A-4452-9EDF-6B08401E53AB}.Debug_WithGpuSupport|Any CPU.Build.0 = Debug|Any CPU
		{F61A23AE-018A-4452-9EDF-6B08401E53AB}.Debug|Any CPU.ActiveCfg = Debug|Any CPU
		{F61A23AE-018A-4452-9EDF-6B08401E53AB}.Debug|Any CPU.Build.0 = Debug|Any CPU
		{F61A23AE-018A-4452-9EDF-6B08401E53AB}.Release_WithGpuSupport|Any CPU.ActiveCfg = Release|Any CPU
		{F61A23AE-018A-4452-9EDF-6B08401E53AB}.Release_WithGpuSupport|Any CPU.Build.0 = Release|Any CPU
		{F61A23AE-018A-4452-9EDF-6B08401E53AB}.Release|Any CPU.ActiveCfg = Release|Any CPU
		{F61A23AE-018A-4452-9EDF-6B08401E53AB}.Release|Any CPU.Build.0 = Release|Any CPU
		{627F12DD-C9D9-420E-9BF6-4F7F8A41F49C}.CreateMSSQLMigrations|Any CPU.ActiveCfg = Debug|Any CPU
		{627F12DD-C9D9-420E-9BF6-4F7F8A41F49C}.CreateSQLiteMigrations|Any CPU.ActiveCfg = Debug|Any CPU
		{627F12DD-C9D9-420E-9BF6-4F7F8A41F49C}.Debug_WithGpuSupport|Any CPU.ActiveCfg = Debug|Any CPU
		{627F12DD-C9D9-420E-9BF6-4F7F8A41F49C}.Debug|Any CPU.ActiveCfg = Debug|Any CPU
		{627F12DD-C9D9-420E-9BF6-4F7F8A41F49C}.Release_WithGpuSupport|Any CPU.ActiveCfg = Release|Any CPU
		{627F12DD-C9D9-420E-9BF6-4F7F8A41F49C}.Release|Any CPU.ActiveCfg = Release|Any CPU
		{C9ECC548-1624-48F4-B994-A51ED9618B02}.CreateMSSQLMigrations|Any CPU.ActiveCfg = Debug|Any CPU
		{C9ECC548-1624-48F4-B994-A51ED9618B02}.CreateMSSQLMigrations|Any CPU.Build.0 = Debug|Any CPU
		{C9ECC548-1624-48F4-B994-A51ED9618B02}.CreateSQLiteMigrations|Any CPU.ActiveCfg = Debug|Any CPU
		{C9ECC548-1624-48F4-B994-A51ED9618B02}.CreateSQLiteMigrations|Any CPU.Build.0 = Debug|Any CPU
		{C9ECC548-1624-48F4-B994-A51ED9618B02}.Debug_WithGpuSupport|Any CPU.ActiveCfg = Debug_WithGpuSupport|Any CPU
		{C9ECC548-1624-48F4-B994-A51ED9618B02}.Debug_WithGpuSupport|Any CPU.Build.0 = Debug_WithGpuSupport|Any CPU
		{C9ECC548-1624-48F4-B994-A51ED9618B02}.Debug|Any CPU.ActiveCfg = Debug|Any CPU
		{C9ECC548-1624-48F4-B994-A51ED9618B02}.Debug|Any CPU.Build.0 = Debug|Any CPU
		{C9ECC548-1624-48F4-B994-A51ED9618B02}.Release_WithGpuSupport|Any CPU.ActiveCfg = Release_WithGpuSupport|Any CPU
		{C9ECC548-1624-48F4-B994-A51ED9618B02}.Release_WithGpuSupport|Any CPU.Build.0 = Release_WithGpuSupport|Any CPU
		{C9ECC548-1624-48F4-B994-A51ED9618B02}.Release|Any CPU.ActiveCfg = Release|Any CPU
		{C9ECC548-1624-48F4-B994-A51ED9618B02}.Release|Any CPU.Build.0 = Release|Any CPU
		{54FA147E-8FB0-4F66-93E1-A33FE948C88B}.CreateMSSQLMigrations|Any CPU.ActiveCfg = Debug|Any CPU
		{54FA147E-8FB0-4F66-93E1-A33FE948C88B}.CreateMSSQLMigrations|Any CPU.Build.0 = Debug|Any CPU
		{54FA147E-8FB0-4F66-93E1-A33FE948C88B}.CreateSQLiteMigrations|Any CPU.ActiveCfg = Debug|Any CPU
		{54FA147E-8FB0-4F66-93E1-A33FE948C88B}.CreateSQLiteMigrations|Any CPU.Build.0 = Debug|Any CPU
		{54FA147E-8FB0-4F66-93E1-A33FE948C88B}.Debug_WithGpuSupport|Any CPU.ActiveCfg = Debug|Any CPU
		{54FA147E-8FB0-4F66-93E1-A33FE948C88B}.Debug_WithGpuSupport|Any CPU.Build.0 = Debug|Any CPU
		{54FA147E-8FB0-4F66-93E1-A33FE948C88B}.Debug|Any CPU.ActiveCfg = Debug|Any CPU
		{54FA147E-8FB0-4F66-93E1-A33FE948C88B}.Debug|Any CPU.Build.0 = Debug|Any CPU
		{54FA147E-8FB0-4F66-93E1-A33FE948C88B}.Release_WithGpuSupport|Any CPU.ActiveCfg = Release|Any CPU
		{54FA147E-8FB0-4F66-93E1-A33FE948C88B}.Release_WithGpuSupport|Any CPU.Build.0 = Release|Any CPU
		{54FA147E-8FB0-4F66-93E1-A33FE948C88B}.Release|Any CPU.ActiveCfg = Release|Any CPU
		{54FA147E-8FB0-4F66-93E1-A33FE948C88B}.Release|Any CPU.Build.0 = Release|Any CPU
		{C37AADCF-339E-4139-93EF-A9D868E8BA8E}.CreateMSSQLMigrations|Any CPU.ActiveCfg = Debug|Any CPU
		{C37AADCF-339E-4139-93EF-A9D868E8BA8E}.CreateMSSQLMigrations|Any CPU.Build.0 = Debug|Any CPU
		{C37AADCF-339E-4139-93EF-A9D868E8BA8E}.CreateSQLiteMigrations|Any CPU.ActiveCfg = Debug|Any CPU
		{C37AADCF-339E-4139-93EF-A9D868E8BA8E}.CreateSQLiteMigrations|Any CPU.Build.0 = Debug|Any CPU
		{C37AADCF-339E-4139-93EF-A9D868E8BA8E}.Debug_WithGpuSupport|Any CPU.ActiveCfg = Debug|Any CPU
		{C37AADCF-339E-4139-93EF-A9D868E8BA8E}.Debug_WithGpuSupport|Any CPU.Build.0 = Debug|Any CPU
		{C37AADCF-339E-4139-93EF-A9D868E8BA8E}.Debug|Any CPU.ActiveCfg = Debug|Any CPU
		{C37AADCF-339E-4139-93EF-A9D868E8BA8E}.Debug|Any CPU.Build.0 = Debug|Any CPU
		{C37AADCF-339E-4139-93EF-A9D868E8BA8E}.Release_WithGpuSupport|Any CPU.ActiveCfg = Release|Any CPU
		{C37AADCF-339E-4139-93EF-A9D868E8BA8E}.Release_WithGpuSupport|Any CPU.Build.0 = Release|Any CPU
		{C37AADCF-339E-4139-93EF-A9D868E8BA8E}.Release|Any CPU.ActiveCfg = Release|Any CPU
		{C37AADCF-339E-4139-93EF-A9D868E8BA8E}.Release|Any CPU.Build.0 = Release|Any CPU
		{8091A086-69A5-4864-8191-67BA4B088747}.CreateMSSQLMigrations|Any CPU.ActiveCfg = Debug|Any CPU
		{8091A086-69A5-4864-8191-67BA4B088747}.CreateMSSQLMigrations|Any CPU.Build.0 = Debug|Any CPU
		{8091A086-69A5-4864-8191-67BA4B088747}.CreateSQLiteMigrations|Any CPU.ActiveCfg = Debug|Any CPU
		{8091A086-69A5-4864-8191-67BA4B088747}.CreateSQLiteMigrations|Any CPU.Build.0 = Debug|Any CPU
		{8091A086-69A5-4864-8191-67BA4B088747}.Debug_WithGpuSupport|Any CPU.ActiveCfg = Debug_WithGpuSupport|Any CPU
		{8091A086-69A5-4864-8191-67BA4B088747}.Debug_WithGpuSupport|Any CPU.Build.0 = Debug_WithGpuSupport|Any CPU
		{8091A086-69A5-4864-8191-67BA4B088747}.Debug|Any CPU.ActiveCfg = Debug|Any CPU
		{8091A086-69A5-4864-8191-67BA4B088747}.Debug|Any CPU.Build.0 = Debug|Any CPU
		{8091A086-69A5-4864-8191-67BA4B088747}.Release_WithGpuSupport|Any CPU.ActiveCfg = Release_WithGpuSupport|Any CPU
		{8091A086-69A5-4864-8191-67BA4B088747}.Release_WithGpuSupport|Any CPU.Build.0 = Release_WithGpuSupport|Any CPU
		{8091A086-69A5-4864-8191-67BA4B088747}.Release|Any CPU.ActiveCfg = Release|Any CPU
		{8091A086-69A5-4864-8191-67BA4B088747}.Release|Any CPU.Build.0 = Release|Any CPU
		{D1B2DA89-D07A-4BE6-A0BF-91A834168A2B}.CreateMSSQLMigrations|Any CPU.ActiveCfg = Debug|Any CPU
		{D1B2DA89-D07A-4BE6-A0BF-91A834168A2B}.CreateMSSQLMigrations|Any CPU.Build.0 = Debug|Any CPU
		{D1B2DA89-D07A-4BE6-A0BF-91A834168A2B}.CreateSQLiteMigrations|Any CPU.ActiveCfg = Debug|Any CPU
		{D1B2DA89-D07A-4BE6-A0BF-91A834168A2B}.CreateSQLiteMigrations|Any CPU.Build.0 = Debug|Any CPU
		{D1B2DA89-D07A-4BE6-A0BF-91A834168A2B}.Debug_WithGpuSupport|Any CPU.ActiveCfg = Debug_WithGpuSupport|Any CPU
		{D1B2DA89-D07A-4BE6-A0BF-91A834168A2B}.Debug_WithGpuSupport|Any CPU.Build.0 = Debug_WithGpuSupport|Any CPU
		{D1B2DA89-D07A-4BE6-A0BF-91A834168A2B}.Debug|Any CPU.ActiveCfg = Debug|Any CPU
		{D1B2DA89-D07A-4BE6-A0BF-91A834168A2B}.Debug|Any CPU.Build.0 = Debug|Any CPU
		{D1B2DA89-D07A-4BE6-A0BF-91A834168A2B}.Release_WithGpuSupport|Any CPU.ActiveCfg = Release_WithGpuSupport|Any CPU
		{D1B2DA89-D07A-4BE6-A0BF-91A834168A2B}.Release_WithGpuSupport|Any CPU.Build.0 = Release_WithGpuSupport|Any CPU
		{D1B2DA89-D07A-4BE6-A0BF-91A834168A2B}.Release|Any CPU.ActiveCfg = Release|Any CPU
		{D1B2DA89-D07A-4BE6-A0BF-91A834168A2B}.Release|Any CPU.Build.0 = Release|Any CPU
		{3D56063B-F53B-49B3-A492-D7DB11B3B8D6}.CreateMSSQLMigrations|Any CPU.ActiveCfg = Debug|Any CPU
		{3D56063B-F53B-49B3-A492-D7DB11B3B8D6}.CreateMSSQLMigrations|Any CPU.Build.0 = Debug|Any CPU
		{3D56063B-F53B-49B3-A492-D7DB11B3B8D6}.CreateSQLiteMigrations|Any CPU.ActiveCfg = Debug|Any CPU
		{3D56063B-F53B-49B3-A492-D7DB11B3B8D6}.CreateSQLiteMigrations|Any CPU.Build.0 = Debug|Any CPU
		{3D56063B-F53B-49B3-A492-D7DB11B3B8D6}.Debug_WithGpuSupport|Any CPU.ActiveCfg = Debug_WithGpuSupport|Any CPU
		{3D56063B-F53B-49B3-A492-D7DB11B3B8D6}.Debug_WithGpuSupport|Any CPU.Build.0 = Debug_WithGpuSupport|Any CPU
		{3D56063B-F53B-49B3-A492-D7DB11B3B8D6}.Debug|Any CPU.ActiveCfg = Debug|Any CPU
		{3D56063B-F53B-49B3-A492-D7DB11B3B8D6}.Debug|Any CPU.Build.0 = Debug|Any CPU
		{3D56063B-F53B-49B3-A492-D7DB11B3B8D6}.Release_WithGpuSupport|Any CPU.ActiveCfg = Release_WithGpuSupport|Any CPU
		{3D56063B-F53B-49B3-A492-D7DB11B3B8D6}.Release_WithGpuSupport|Any CPU.Build.0 = Release_WithGpuSupport|Any CPU
		{3D56063B-F53B-49B3-A492-D7DB11B3B8D6}.Release|Any CPU.ActiveCfg = Release|Any CPU
		{3D56063B-F53B-49B3-A492-D7DB11B3B8D6}.Release|Any CPU.Build.0 = Release|Any CPU
		{FF39704A-6033-41D7-9144-30FD7BCAF22E}.CreateMSSQLMigrations|Any CPU.ActiveCfg = Debug|Any CPU
		{FF39704A-6033-41D7-9144-30FD7BCAF22E}.CreateMSSQLMigrations|Any CPU.Build.0 = Debug|Any CPU
		{FF39704A-6033-41D7-9144-30FD7BCAF22E}.CreateSQLiteMigrations|Any CPU.ActiveCfg = Debug|Any CPU
		{FF39704A-6033-41D7-9144-30FD7BCAF22E}.CreateSQLiteMigrations|Any CPU.Build.0 = Debug|Any CPU
		{FF39704A-6033-41D7-9144-30FD7BCAF22E}.Debug_WithGpuSupport|Any CPU.ActiveCfg = Debug_WithGpuSupport|Any CPU
		{FF39704A-6033-41D7-9144-30FD7BCAF22E}.Debug_WithGpuSupport|Any CPU.Build.0 = Debug_WithGpuSupport|Any CPU
		{FF39704A-6033-41D7-9144-30FD7BCAF22E}.Debug|Any CPU.ActiveCfg = Debug|Any CPU
		{FF39704A-6033-41D7-9144-30FD7BCAF22E}.Debug|Any CPU.Build.0 = Debug|Any CPU
		{FF39704A-6033-41D7-9144-30FD7BCAF22E}.Release_WithGpuSupport|Any CPU.ActiveCfg = Release_WithGpuSupport|Any CPU
		{FF39704A-6033-41D7-9144-30FD7BCAF22E}.Release_WithGpuSupport|Any CPU.Build.0 = Release_WithGpuSupport|Any CPU
		{FF39704A-6033-41D7-9144-30FD7BCAF22E}.Release|Any CPU.ActiveCfg = Release|Any CPU
		{FF39704A-6033-41D7-9144-30FD7BCAF22E}.Release|Any CPU.Build.0 = Release|Any CPU
		{636869FF-C470-4391-A511-3B5CB641E00E}.CreateMSSQLMigrations|Any CPU.ActiveCfg = Debug|Any CPU
		{636869FF-C470-4391-A511-3B5CB641E00E}.CreateMSSQLMigrations|Any CPU.Build.0 = Debug|Any CPU
		{636869FF-C470-4391-A511-3B5CB641E00E}.CreateSQLiteMigrations|Any CPU.ActiveCfg = Debug|Any CPU
		{636869FF-C470-4391-A511-3B5CB641E00E}.CreateSQLiteMigrations|Any CPU.Build.0 = Debug|Any CPU
		{636869FF-C470-4391-A511-3B5CB641E00E}.Debug_WithGpuSupport|Any CPU.ActiveCfg = Debug_WithGpuSupport|Any CPU
		{636869FF-C470-4391-A511-3B5CB641E00E}.Debug_WithGpuSupport|Any CPU.Build.0 = Debug_WithGpuSupport|Any CPU
		{636869FF-C470-4391-A511-3B5CB641E00E}.Debug|Any CPU.ActiveCfg = Debug|Any CPU
		{636869FF-C470-4391-A511-3B5CB641E00E}.Debug|Any CPU.Build.0 = Debug|Any CPU
		{636869FF-C470-4391-A511-3B5CB641E00E}.Release_WithGpuSupport|Any CPU.ActiveCfg = Release_WithGpuSupport|Any CPU
		{636869FF-C470-4391-A511-3B5CB641E00E}.Release_WithGpuSupport|Any CPU.Build.0 = Release_WithGpuSupport|Any CPU
		{636869FF-C470-4391-A511-3B5CB641E00E}.Release|Any CPU.ActiveCfg = Release|Any CPU
		{636869FF-C470-4391-A511-3B5CB641E00E}.Release|Any CPU.Build.0 = Release|Any CPU
		{6C4B784D-1E96-4123-83BF-A4165698D360}.CreateMSSQLMigrations|Any CPU.ActiveCfg = Debug|Any CPU
		{6C4B784D-1E96-4123-83BF-A4165698D360}.CreateMSSQLMigrations|Any CPU.Build.0 = Debug|Any CPU
		{6C4B784D-1E96-4123-83BF-A4165698D360}.CreateSQLiteMigrations|Any CPU.ActiveCfg = Debug|Any CPU
		{6C4B784D-1E96-4123-83BF-A4165698D360}.CreateSQLiteMigrations|Any CPU.Build.0 = Debug|Any CPU
		{6C4B784D-1E96-4123-83BF-A4165698D360}.Debug_WithGpuSupport|Any CPU.ActiveCfg = Debug_WithGpuSupport|Any CPU
		{6C4B784D-1E96-4123-83BF-A4165698D360}.Debug_WithGpuSupport|Any CPU.Build.0 = Debug_WithGpuSupport|Any CPU
		{6C4B784D-1E96-4123-83BF-A4165698D360}.Debug|Any CPU.ActiveCfg = Debug|Any CPU
		{6C4B784D-1E96-4123-83BF-A4165698D360}.Debug|Any CPU.Build.0 = Debug|Any CPU
		{6C4B784D-1E96-4123-83BF-A4165698D360}.Release_WithGpuSupport|Any CPU.ActiveCfg = Release_WithGpuSupport|Any CPU
		{6C4B784D-1E96-4123-83BF-A4165698D360}.Release_WithGpuSupport|Any CPU.Build.0 = Release_WithGpuSupport|Any CPU
		{6C4B784D-1E96-4123-83BF-A4165698D360}.Release|Any CPU.ActiveCfg = Release|Any CPU
		{6C4B784D-1E96-4123-83BF-A4165698D360}.Release|Any CPU.Build.0 = Release|Any CPU
		{8ED42627-FDE1-4948-9D70-FF076D97A9D7}.CreateMSSQLMigrations|Any CPU.ActiveCfg = Debug|Any CPU
		{8ED42627-FDE1-4948-9D70-FF076D97A9D7}.CreateMSSQLMigrations|Any CPU.Build.0 = Debug|Any CPU
		{8ED42627-FDE1-4948-9D70-FF076D97A9D7}.CreateSQLiteMigrations|Any CPU.ActiveCfg = Debug|Any CPU
		{8ED42627-FDE1-4948-9D70-FF076D97A9D7}.CreateSQLiteMigrations|Any CPU.Build.0 = Debug|Any CPU
		{8ED42627-FDE1-4948-9D70-FF076D97A9D7}.Debug_WithGpuSupport|Any CPU.ActiveCfg = Debug_WithGpuSupport|Any CPU
		{8ED42627-FDE1-4948-9D70-FF076D97A9D7}.Debug_WithGpuSupport|Any CPU.Build.0 = Debug_WithGpuSupport|Any CPU
		{8ED42627-FDE1-4948-9D70-FF076D97A9D7}.Debug|Any CPU.ActiveCfg = Debug|Any CPU
		{8ED42627-FDE1-4948-9D70-FF076D97A9D7}.Debug|Any CPU.Build.0 = Debug|Any CPU
		{8ED42627-FDE1-4948-9D70-FF076D97A9D7}.Release_WithGpuSupport|Any CPU.ActiveCfg = Release_WithGpuSupport|Any CPU
		{8ED42627-FDE1-4948-9D70-FF076D97A9D7}.Release_WithGpuSupport|Any CPU.Build.0 = Release_WithGpuSupport|Any CPU
		{8ED42627-FDE1-4948-9D70-FF076D97A9D7}.Release|Any CPU.ActiveCfg = Release|Any CPU
		{8ED42627-FDE1-4948-9D70-FF076D97A9D7}.Release|Any CPU.Build.0 = Release|Any CPU
		{063448A9-8831-4D48-B7B1-877137312AB3}.CreateMSSQLMigrations|Any CPU.ActiveCfg = Debug|Any CPU
		{063448A9-8831-4D48-B7B1-877137312AB3}.CreateMSSQLMigrations|Any CPU.Build.0 = Debug|Any CPU
		{063448A9-8831-4D48-B7B1-877137312AB3}.CreateSQLiteMigrations|Any CPU.ActiveCfg = Debug|Any CPU
		{063448A9-8831-4D48-B7B1-877137312AB3}.CreateSQLiteMigrations|Any CPU.Build.0 = Debug|Any CPU
		{063448A9-8831-4D48-B7B1-877137312AB3}.Debug_WithGpuSupport|Any CPU.ActiveCfg = Debug|Any CPU
		{063448A9-8831-4D48-B7B1-877137312AB3}.Debug_WithGpuSupport|Any CPU.Build.0 = Debug|Any CPU
		{063448A9-8831-4D48-B7B1-877137312AB3}.Debug|Any CPU.ActiveCfg = Debug|Any CPU
		{063448A9-8831-4D48-B7B1-877137312AB3}.Debug|Any CPU.Build.0 = Debug|Any CPU
		{063448A9-8831-4D48-B7B1-877137312AB3}.Release_WithGpuSupport|Any CPU.ActiveCfg = Release|Any CPU
		{063448A9-8831-4D48-B7B1-877137312AB3}.Release_WithGpuSupport|Any CPU.Build.0 = Release|Any CPU
		{063448A9-8831-4D48-B7B1-877137312AB3}.Release|Any CPU.ActiveCfg = Release|Any CPU
		{063448A9-8831-4D48-B7B1-877137312AB3}.Release|Any CPU.Build.0 = Release|Any CPU
		{854C4FCF-48C6-44A8-8312-F51B8A56FAC9}.CreateMSSQLMigrations|Any CPU.ActiveCfg = Debug|Any CPU
		{854C4FCF-48C6-44A8-8312-F51B8A56FAC9}.CreateMSSQLMigrations|Any CPU.Build.0 = Debug|Any CPU
		{854C4FCF-48C6-44A8-8312-F51B8A56FAC9}.CreateSQLiteMigrations|Any CPU.ActiveCfg = Debug|Any CPU
		{854C4FCF-48C6-44A8-8312-F51B8A56FAC9}.CreateSQLiteMigrations|Any CPU.Build.0 = Debug|Any CPU
		{854C4FCF-48C6-44A8-8312-F51B8A56FAC9}.Debug_WithGpuSupport|Any CPU.ActiveCfg = Debug|Any CPU
		{854C4FCF-48C6-44A8-8312-F51B8A56FAC9}.Debug_WithGpuSupport|Any CPU.Build.0 = Debug|Any CPU
		{854C4FCF-48C6-44A8-8312-F51B8A56FAC9}.Debug|Any CPU.ActiveCfg = Debug|Any CPU
		{854C4FCF-48C6-44A8-8312-F51B8A56FAC9}.Debug|Any CPU.Build.0 = Debug|Any CPU
		{854C4FCF-48C6-44A8-8312-F51B8A56FAC9}.Release_WithGpuSupport|Any CPU.ActiveCfg = Release|Any CPU
		{854C4FCF-48C6-44A8-8312-F51B8A56FAC9}.Release_WithGpuSupport|Any CPU.Build.0 = Release|Any CPU
		{854C4FCF-48C6-44A8-8312-F51B8A56FAC9}.Release|Any CPU.ActiveCfg = Release|Any CPU
		{854C4FCF-48C6-44A8-8312-F51B8A56FAC9}.Release|Any CPU.Build.0 = Release|Any CPU
		{7191B917-2EF9-4524-90F1-AA501ACAB43A}.CreateMSSQLMigrations|Any CPU.ActiveCfg = Debug|Any CPU
		{7191B917-2EF9-4524-90F1-AA501ACAB43A}.CreateMSSQLMigrations|Any CPU.Build.0 = Debug|Any CPU
		{7191B917-2EF9-4524-90F1-AA501ACAB43A}.CreateSQLiteMigrations|Any CPU.ActiveCfg = Debug|Any CPU
		{7191B917-2EF9-4524-90F1-AA501ACAB43A}.CreateSQLiteMigrations|Any CPU.Build.0 = Debug|Any CPU
		{7191B917-2EF9-4524-90F1-AA501ACAB43A}.Debug_WithGpuSupport|Any CPU.ActiveCfg = Debug|Any CPU
		{7191B917-2EF9-4524-90F1-AA501ACAB43A}.Debug_WithGpuSupport|Any CPU.Build.0 = Debug|Any CPU
		{7191B917-2EF9-4524-90F1-AA501ACAB43A}.Debug|Any CPU.ActiveCfg = Debug|Any CPU
		{7191B917-2EF9-4524-90F1-AA501ACAB43A}.Debug|Any CPU.Build.0 = Debug|Any CPU
		{7191B917-2EF9-4524-90F1-AA501ACAB43A}.Release_WithGpuSupport|Any CPU.ActiveCfg = Release|Any CPU
		{7191B917-2EF9-4524-90F1-AA501ACAB43A}.Release_WithGpuSupport|Any CPU.Build.0 = Release|Any CPU
		{7191B917-2EF9-4524-90F1-AA501ACAB43A}.Release|Any CPU.ActiveCfg = Release|Any CPU
		{7191B917-2EF9-4524-90F1-AA501ACAB43A}.Release|Any CPU.Build.0 = Release|Any CPU
		{E8F5E168-3AC4-45E4-A2BD-900882A1F00D}.CreateMSSQLMigrations|Any CPU.ActiveCfg = Debug|Any CPU
		{E8F5E168-3AC4-45E4-A2BD-900882A1F00D}.CreateMSSQLMigrations|Any CPU.Build.0 = Debug|Any CPU
		{E8F5E168-3AC4-45E4-A2BD-900882A1F00D}.CreateSQLiteMigrations|Any CPU.ActiveCfg = Debug|Any CPU
		{E8F5E168-3AC4-45E4-A2BD-900882A1F00D}.CreateSQLiteMigrations|Any CPU.Build.0 = Debug|Any CPU
		{E8F5E168-3AC4-45E4-A2BD-900882A1F00D}.Debug_WithGpuSupport|Any CPU.ActiveCfg = Debug|Any CPU
		{E8F5E168-3AC4-45E4-A2BD-900882A1F00D}.Debug_WithGpuSupport|Any CPU.Build.0 = Debug|Any CPU
		{E8F5E168-3AC4-45E4-A2BD-900882A1F00D}.Debug|Any CPU.ActiveCfg = Debug|Any CPU
		{E8F5E168-3AC4-45E4-A2BD-900882A1F00D}.Debug|Any CPU.Build.0 = Debug|Any CPU
		{E8F5E168-3AC4-45E4-A2BD-900882A1F00D}.Release_WithGpuSupport|Any CPU.ActiveCfg = Release|Any CPU
		{E8F5E168-3AC4-45E4-A2BD-900882A1F00D}.Release_WithGpuSupport|Any CPU.Build.0 = Release|Any CPU
		{E8F5E168-3AC4-45E4-A2BD-900882A1F00D}.Release|Any CPU.ActiveCfg = Release|Any CPU
		{E8F5E168-3AC4-45E4-A2BD-900882A1F00D}.Release|Any CPU.Build.0 = Release|Any CPU
	EndGlobalSection
	GlobalSection(SolutionProperties) = preSolution
		HideSolutionNode = FALSE
	EndGlobalSection
	GlobalSection(NestedProjects) = preSolution
		{FF203469-032E-4173-AC47-AE54F2AFE71A} = {64DD29AE-EDA5-4C8F-B121-9EC68AE938EF}
		{B39A5423-6439-436C-92B3-C1BB67591E52} = {BAFE8A5F-BB3B-4174-959C-542623A1F146}
		{CE7C8817-C32C-4EE5-8C55-A0C6EC424AC9} = {BAFE8A5F-BB3B-4174-959C-542623A1F146}
		{8B844478-4A5C-45A0-B978-A1C375A5628F} = {BAFE8A5F-BB3B-4174-959C-542623A1F146}
		{D60D65C2-080A-49C0-82D7-3DD00B9035AC} = {BAFE8A5F-BB3B-4174-959C-542623A1F146}
		{DA3298A4-22AB-4B98-B406-21FF2A52DA74} = {BAFE8A5F-BB3B-4174-959C-542623A1F146}
		{8BFE0BEC-145A-4465-B0C1-98D43BF873C9} = {BAFE8A5F-BB3B-4174-959C-542623A1F146}
		{767508AD-C9BB-446D-AA30-EFD1A05E0755} = {BAFE8A5F-BB3B-4174-959C-542623A1F146}
		{BA6EED1F-F1C6-4F75-87AB-51AB5E20CD51} = {BAFE8A5F-BB3B-4174-959C-542623A1F146}
		{2EE35C9D-316E-4349-BEF5-6D64C6CF76AC} = {BAFE8A5F-BB3B-4174-959C-542623A1F146}
		{AE4FCB21-9911-4CDA-AA6C-8D242F1379A1} = {BAFE8A5F-BB3B-4174-959C-542623A1F146}
		{381DCFE6-18E6-4657-92A4-82AACAAAA588} = {BAFE8A5F-BB3B-4174-959C-542623A1F146}
		{BAFE8A5F-BB3B-4174-959C-542623A1F146} = {49B8EDA0-69AB-4C29-80B6-02B06C8FD3FB}
		{120CDFC2-4E10-492C-95D4-2D895C73AB32} = {64DD29AE-EDA5-4C8F-B121-9EC68AE938EF}
		{F61A23AE-018A-4452-9EDF-6B08401E53AB} = {64DD29AE-EDA5-4C8F-B121-9EC68AE938EF}
		{627F12DD-C9D9-420E-9BF6-4F7F8A41F49C} = {49B8EDA0-69AB-4C29-80B6-02B06C8FD3FB}
		{C9ECC548-1624-48F4-B994-A51ED9618B02} = {94E13A96-F3B2-4DEF-BA46-C91C81D4F541}
		{54FA147E-8FB0-4F66-93E1-A33FE948C88B} = {64DD29AE-EDA5-4C8F-B121-9EC68AE938EF}
		{C37AADCF-339E-4139-93EF-A9D868E8BA8E} = {BAFE8A5F-BB3B-4174-959C-542623A1F146}
		{8091A086-69A5-4864-8191-67BA4B088747} = {7591EEB7-262E-4198-8ABD-D38CC32D0AEB}
		{D1B2DA89-D07A-4BE6-A0BF-91A834168A2B} = {7591EEB7-262E-4198-8ABD-D38CC32D0AEB}
		{3D56063B-F53B-49B3-A492-D7DB11B3B8D6} = {7591EEB7-262E-4198-8ABD-D38CC32D0AEB}
		{FF39704A-6033-41D7-9144-30FD7BCAF22E} = {7591EEB7-262E-4198-8ABD-D38CC32D0AEB}
		{636869FF-C470-4391-A511-3B5CB641E00E} = {7591EEB7-262E-4198-8ABD-D38CC32D0AEB}
		{6C4B784D-1E96-4123-83BF-A4165698D360} = {7591EEB7-262E-4198-8ABD-D38CC32D0AEB}
		{8ED42627-FDE1-4948-9D70-FF076D97A9D7} = {7591EEB7-262E-4198-8ABD-D38CC32D0AEB}
		{063448A9-8831-4D48-B7B1-877137312AB3} = {45BD2BC4-30DC-4C41-81DE-B101D760FB65}
		{854C4FCF-48C6-44A8-8312-F51B8A56FAC9} = {49B8EDA0-69AB-4C29-80B6-02B06C8FD3FB}
		{7191B917-2EF9-4524-90F1-AA501ACAB43A} = {BAFE8A5F-BB3B-4174-959C-542623A1F146}
		{E8F5E168-3AC4-45E4-A2BD-900882A1F00D} = {49B8EDA0-69AB-4C29-80B6-02B06C8FD3FB}
	EndGlobalSection
	GlobalSection(ExtensibilityGlobals) = postSolution
		SolutionGuid = {19DD1890-C638-4AD3-9271-08BB518C2296}
	EndGlobalSection
EndGlobal
